{
  "name": "sps-common",
  "version": "1.0.0",
  "lockfileVersion": 3,
  "requires": true,
  "packages": {
    "": {
      "name": "sps-common",
      "version": "1.0.0",
      "license": "UNLICENSED",
      "dependencies": {
        "@noble/curves": "^2.0.0",
        "@noble/hashes": "^2.0.0"
      }
    },
    "node_modules/@noble/curves": {
      "version": "2.0.0",
      "resolved": "https://registry.npmjs.org/@noble/curves/-/curves-2.0.0.tgz",
      "integrity": "sha512-RiwZZeJnsTnhT+/gg2KvITJZhK5oagQrpZo+yQyd3mv3D5NAG2qEeEHpw7IkXRlpkoD45wl2o4ydHAvY9wyEfw==",
      "license": "MIT",
      "dependencies": {
        "@noble/hashes": "2.0.0"
      },
      "engines": {
        "node": ">= 20.19.0"
      },
      "funding": {
        "url": "https://paulmillr.com/funding/"
      }
    },
    "node_modules/@noble/hashes": {
      "version": "2.0.0",
      "resolved": "https://registry.npmjs.org/@noble/hashes/-/hashes-2.0.0.tgz",
      "integrity": "sha512-h8VUBlE8R42+XIDO229cgisD287im3kdY6nbNZJFjc6ZvKIXPYXe6Vc/t+kyjFdMFyt5JpapzTsEg8n63w5/lw==",
      "license": "MIT",
      "engines": {
        "node": ">= 20.19.0"
      },
      "funding": {
        "url": "https://paulmillr.com/funding/"
      }
    }
  }
}
